// !$*UTF8*$!
{
	archiveVersion = 1;
	classes = {
	};
	objectVersion = 48;
	objects = {

/* Begin PBXBuildFile section */
		7C7BBA7CD049C3953B3A0271 /* Pods_Pico.framework in Frameworks */ = {isa = PBXBuildFile; fileRef = F0841A1B1269F4EB51FC301C /* Pods_Pico.framework */; };
		E19D0A6E2039BF0A003B1D5F /* AppDelegate.swift in Sources */ = {isa = PBXBuildFile; fileRef = E19D0A6D2039BF0A003B1D5F /* AppDelegate.swift */; };
		E19D0A702039BF0A003B1D5F /* ViewController.swift in Sources */ = {isa = PBXBuildFile; fileRef = E19D0A6F2039BF0A003B1D5F /* ViewController.swift */; };
		E19D0A762039BF0A003B1D5F /* Pico.xcdatamodeld in Sources */ = {isa = PBXBuildFile; fileRef = E19D0A742039BF0A003B1D5F /* Pico.xcdatamodeld */; };
		E19D0A782039BF0A003B1D5F /* Assets.xcassets in Resources */ = {isa = PBXBuildFile; fileRef = E19D0A772039BF0A003B1D5F /* Assets.xcassets */; };
		E19D0A7B2039BF0A003B1D5F /* LaunchScreen.storyboard in Resources */ = {isa = PBXBuildFile; fileRef = E19D0A792039BF0A003B1D5F /* LaunchScreen.storyboard */; };
		E19D0A892039C36E003B1D5F /* LoginController.swift in Sources */ = {isa = PBXBuildFile; fileRef = E19D0A882039C36E003B1D5F /* LoginController.swift */; };
		E19D0A8B2039C391003B1D5F /* HomeController.swift in Sources */ = {isa = PBXBuildFile; fileRef = E19D0A8A2039C391003B1D5F /* HomeController.swift */; };
		E19D0A8D2039C39C003B1D5F /* ProfileController.swift in Sources */ = {isa = PBXBuildFile; fileRef = E19D0A8C2039C39C003B1D5F /* ProfileController.swift */; };
		E19D0A8F2039C3A6003B1D5F /* FriendsController.swift in Sources */ = {isa = PBXBuildFile; fileRef = E19D0A8E2039C3A6003B1D5F /* FriendsController.swift */; };
		E19D0A912039C3BC003B1D5F /* UserViewController.swift in Sources */ = {isa = PBXBuildFile; fileRef = E19D0A902039C3BC003B1D5F /* UserViewController.swift */; };
		E19D0A932039C713003B1D5F /* GoogleService-Info.plist in Resources */ = {isa = PBXBuildFile; fileRef = E19D0A922039C713003B1D5F /* GoogleService-Info.plist */; };
		E19D0A952039C94E003B1D5F /* ThemeColors.swift in Sources */ = {isa = PBXBuildFile; fileRef = E19D0A942039C94E003B1D5F /* ThemeColors.swift */; };
		E19D0A972039CA71003B1D5F /* Objects.swift in Sources */ = {isa = PBXBuildFile; fileRef = E19D0A962039CA71003B1D5F /* Objects.swift */; };
/* End PBXBuildFile section */

/* Begin PBXFileReference section */
		0CBC8BBE337F210091FCB218 /* Pods-Pico.debug.xcconfig */ = {isa = PBXFileReference; includeInIndex = 1; lastKnownFileType = text.xcconfig; name = "Pods-Pico.debug.xcconfig"; path = "Pods/Target Support Files/Pods-Pico/Pods-Pico.debug.xcconfig"; sourceTree = "<group>"; };
		84026098E2AA0764E84910CC /* Pods-Pico.release.xcconfig */ = {isa = PBXFileReference; includeInIndex = 1; lastKnownFileType = text.xcconfig; name = "Pods-Pico.release.xcconfig"; path = "Pods/Target Support Files/Pods-Pico/Pods-Pico.release.xcconfig"; sourceTree = "<group>"; };
		E19D0A6A2039BF0A003B1D5F /* Pico.app */ = {isa = PBXFileReference; explicitFileType = wrapper.application; includeInIndex = 0; path = Pico.app; sourceTree = BUILT_PRODUCTS_DIR; };
		E19D0A6D2039BF0A003B1D5F /* AppDelegate.swift */ = {isa = PBXFileReference; lastKnownFileType = sourcecode.swift; path = AppDelegate.swift; sourceTree = "<group>"; };
		E19D0A6F2039BF0A003B1D5F /* ViewController.swift */ = {isa = PBXFileReference; lastKnownFileType = sourcecode.swift; path = ViewController.swift; sourceTree = "<group>"; };
		E19D0A752039BF0A003B1D5F /* Pico.xcdatamodel */ = {isa = PBXFileReference; lastKnownFileType = wrapper.xcdatamodel; path = Pico.xcdatamodel; sourceTree = "<group>"; };
		E19D0A772039BF0A003B1D5F /* Assets.xcassets */ = {isa = PBXFileReference; lastKnownFileType = folder.assetcatalog; path = Assets.xcassets; sourceTree = "<group>"; };
		E19D0A7A2039BF0A003B1D5F /* Base */ = {isa = PBXFileReference; lastKnownFileType = file.storyboard; name = Base; path = Base.lproj/LaunchScreen.storyboard; sourceTree = "<group>"; };
		E19D0A7C2039BF0A003B1D5F /* Info.plist */ = {isa = PBXFileReference; lastKnownFileType = text.plist.xml; path = Info.plist; sourceTree = "<group>"; };
		E19D0A882039C36E003B1D5F /* LoginController.swift */ = {isa = PBXFileReference; lastKnownFileType = sourcecode.swift; path = LoginController.swift; sourceTree = "<group>"; };
		E19D0A8A2039C391003B1D5F /* HomeController.swift */ = {isa = PBXFileReference; lastKnownFileType = sourcecode.swift; path = HomeController.swift; sourceTree = "<group>"; };
		E19D0A8C2039C39C003B1D5F /* ProfileController.swift */ = {isa = PBXFileReference; lastKnownFileType = sourcecode.swift; path = ProfileController.swift; sourceTree = "<group>"; };
		E19D0A8E2039C3A6003B1D5F /* FriendsController.swift */ = {isa = PBXFileReference; lastKnownFileType = sourcecode.swift; path = FriendsController.swift; sourceTree = "<group>"; };
		E19D0A902039C3BC003B1D5F /* UserViewController.swift */ = {isa = PBXFileReference; lastKnownFileType = sourcecode.swift; path = UserViewController.swift; sourceTree = "<group>"; };
		E19D0A922039C713003B1D5F /* GoogleService-Info.plist */ = {isa = PBXFileReference; fileEncoding = 4; lastKnownFileType = text.plist.xml; path = "GoogleService-Info.plist"; sourceTree = "<group>"; };
		E19D0A942039C94E003B1D5F /* ThemeColors.swift */ = {isa = PBXFileReference; lastKnownFileType = sourcecode.swift; path = ThemeColors.swift; sourceTree = "<group>"; };
		E19D0A962039CA71003B1D5F /* Objects.swift */ = {isa = PBXFileReference; lastKnownFileType = sourcecode.swift; path = Objects.swift; sourceTree = "<group>"; };
		F0841A1B1269F4EB51FC301C /* Pods_Pico.framework */ = {isa = PBXFileReference; explicitFileType = wrapper.framework; includeInIndex = 0; path = Pods_Pico.framework; sourceTree = BUILT_PRODUCTS_DIR; };
/* End PBXFileReference section */

/* Begin PBXFrameworksBuildPhase section */
		E19D0A672039BF0A003B1D5F /* Frameworks */ = {
			isa = PBXFrameworksBuildPhase;
			buildActionMask = 2147483647;
			files = (
				7C7BBA7CD049C3953B3A0271 /* Pods_Pico.framework in Frameworks */,
			);
			runOnlyForDeploymentPostprocessing = 0;
		};
/* End PBXFrameworksBuildPhase section */

/* Begin PBXGroup section */
		2AA73AE6D5555137488E1465 /* Pods */ = {
			isa = PBXGroup;
			children = (
				0CBC8BBE337F210091FCB218 /* Pods-Pico.debug.xcconfig */,
				84026098E2AA0764E84910CC /* Pods-Pico.release.xcconfig */,
			);
			name = Pods;
			sourceTree = "<group>";
		};
		E19D0A612039BF0A003B1D5F = {
			isa = PBXGroup;
			children = (
				E19D0A6C2039BF0A003B1D5F /* Pico */,
				E19D0A6B2039BF0A003B1D5F /* Products */,
				2AA73AE6D5555137488E1465 /* Pods */,
				FEA2C89CDE2981075B93DB89 /* Frameworks */,
			);
			sourceTree = "<group>";
		};
		E19D0A6B2039BF0A003B1D5F /* Products */ = {
			isa = PBXGroup;
			children = (
				E19D0A6A2039BF0A003B1D5F /* Pico.app */,
			);
			name = Products;
			sourceTree = "<group>";
		};
		E19D0A6C2039BF0A003B1D5F /* Pico */ = {
			isa = PBXGroup;
			children = (
				E19D0A962039CA71003B1D5F /* Objects.swift */,
				E19D0A872039C334003B1D5F /* Controller */,
				E19D0A862039C32D003B1D5F /* Views */,
				E19D0A852039C323003B1D5F /* Models */,
				E19D0A6D2039BF0A003B1D5F /* AppDelegate.swift */,
				E19D0A6F2039BF0A003B1D5F /* ViewController.swift */,
				E19D0A772039BF0A003B1D5F /* Assets.xcassets */,
				E19D0A792039BF0A003B1D5F /* LaunchScreen.storyboard */,
				E19D0A922039C713003B1D5F /* GoogleService-Info.plist */,
				E19D0A7C2039BF0A003B1D5F /* Info.plist */,
				E19D0A742039BF0A003B1D5F /* Pico.xcdatamodeld */,
				E19D0A942039C94E003B1D5F /* ThemeColors.swift */,
			);
			path = Pico;
			sourceTree = "<group>";
		};
		E19D0A852039C323003B1D5F /* Models */ = {
			isa = PBXGroup;
			children = (
			);
			path = Models;
			sourceTree = "<group>";
		};
		E19D0A862039C32D003B1D5F /* Views */ = {
			isa = PBXGroup;
			children = (
			);
			path = Views;
			sourceTree = "<group>";
		};
		E19D0A872039C334003B1D5F /* Controller */ = {
			isa = PBXGroup;
			children = (
				E19D0A882039C36E003B1D5F /* LoginController.swift */,
				E19D0A8A2039C391003B1D5F /* HomeController.swift */,
				E19D0A8C2039C39C003B1D5F /* ProfileController.swift */,
				E19D0A8E2039C3A6003B1D5F /* FriendsController.swift */,
				E19D0A902039C3BC003B1D5F /* UserViewController.swift */,
			);
			path = Controller;
			sourceTree = "<group>";
		};
		FEA2C89CDE2981075B93DB89 /* Frameworks */ = {
			isa = PBXGroup;
			children = (
				F0841A1B1269F4EB51FC301C /* Pods_Pico.framework */,
			);
			name = Frameworks;
			sourceTree = "<group>";
		};
/* End PBXGroup section */

/* Begin PBXNativeTarget section */
		E19D0A692039BF0A003B1D5F /* Pico */ = {
			isa = PBXNativeTarget;
			buildConfigurationList = E19D0A7F2039BF0A003B1D5F /* Build configuration list for PBXNativeTarget "Pico" */;
			buildPhases = (
				58A46157E3902B12CE875AD2 /* [CP] Check Pods Manifest.lock */,
				E19D0A662039BF0A003B1D5F /* Sources */,
				E19D0A672039BF0A003B1D5F /* Frameworks */,
				E19D0A682039BF0A003B1D5F /* Resources */,
				A04F92BAB8CE278D67B1EFED /* [CP] Embed Pods Frameworks */,
				0455E6F70EFEAB56222BF855 /* [CP] Copy Pods Resources */,
			);
			buildRules = (
			);
			dependencies = (
			);
			name = Pico;
			productName = Pico;
			productReference = E19D0A6A2039BF0A003B1D5F /* Pico.app */;
			productType = "com.apple.product-type.application";
		};
/* End PBXNativeTarget section */

/* Begin PBXProject section */
		E19D0A622039BF0A003B1D5F /* Project object */ = {
			isa = PBXProject;
			attributes = {
				LastSwiftUpdateCheck = 0920;
				LastUpgradeCheck = 0920;
				ORGANIZATIONNAME = iLaunch;
				TargetAttributes = {
					E19D0A692039BF0A003B1D5F = {
						CreatedOnToolsVersion = 9.2;
						ProvisioningStyle = Automatic;
					};
				};
			};
			buildConfigurationList = E19D0A652039BF0A003B1D5F /* Build configuration list for PBXProject "Pico" */;
			compatibilityVersion = "Xcode 8.0";
			developmentRegion = en;
			hasScannedForEncodings = 0;
			knownRegions = (
				en,
				Base,
			);
			mainGroup = E19D0A612039BF0A003B1D5F;
			productRefGroup = E19D0A6B2039BF0A003B1D5F /* Products */;
			projectDirPath = "";
			projectRoot = "";
			targets = (
				E19D0A692039BF0A003B1D5F /* Pico */,
			);
		};
/* End PBXProject section */

/* Begin PBXResourcesBuildPhase section */
		E19D0A682039BF0A003B1D5F /* Resources */ = {
			isa = PBXResourcesBuildPhase;
			buildActionMask = 2147483647;
			files = (
				E19D0A7B2039BF0A003B1D5F /* LaunchScreen.storyboard in Resources */,
				E19D0A782039BF0A003B1D5F /* Assets.xcassets in Resources */,
				E19D0A932039C713003B1D5F /* GoogleService-Info.plist in Resources */,
			);
			runOnlyForDeploymentPostprocessing = 0;
		};
/* End PBXResourcesBuildPhase section */

/* Begin PBXShellScriptBuildPhase section */
		0455E6F70EFEAB56222BF855 /* [CP] Copy Pods Resources */ = {
			isa = PBXShellScriptBuildPhase;
			buildActionMask = 12;
			files = (
			);
			inputPaths = (
			);
			name = "[CP] Copy Pods Resources";
			outputPaths = (
			);
			runOnlyForDeploymentPostprocessing = 0;
			shellPath = /bin/sh;
			shellScript = "\"${SRCROOT}/Pods/Target Support Files/Pods-Pico/Pods-Pico-resources.sh\"\n";
			showEnvVarsInLog = 0;
		};
		58A46157E3902B12CE875AD2 /* [CP] Check Pods Manifest.lock */ = {
			isa = PBXShellScriptBuildPhase;
			buildActionMask = 2147483647;
			files = (
			);
			inputPaths = (
				"${PODS_PODFILE_DIR_PATH}/Podfile.lock",
				"${PODS_ROOT}/Manifest.lock",
			);
			name = "[CP] Check Pods Manifest.lock";
			outputPaths = (
				"$(DERIVED_FILE_DIR)/Pods-Pico-checkManifestLockResult.txt",
			);
			runOnlyForDeploymentPostprocessing = 0;
			shellPath = /bin/sh;
			shellScript = "diff \"${PODS_PODFILE_DIR_PATH}/Podfile.lock\" \"${PODS_ROOT}/Manifest.lock\" > /dev/null\nif [ $? != 0 ] ; then\n    # print error to STDERR\n    echo \"error: The sandbox is not in sync with the Podfile.lock. Run 'pod install' or update your CocoaPods installation.\" >&2\n    exit 1\nfi\n# This output is used by Xcode 'outputs' to avoid re-running this script phase.\necho \"SUCCESS\" > \"${SCRIPT_OUTPUT_FILE_0}\"\n";
			showEnvVarsInLog = 0;
		};
		A04F92BAB8CE278D67B1EFED /* [CP] Embed Pods Frameworks */ = {
			isa = PBXShellScriptBuildPhase;
			buildActionMask = 2147483647;
			files = (
			);
			inputPaths = (
				"${SRCROOT}/Pods/Target Support Files/Pods-Pico/Pods-Pico-frameworks.sh",
				"${BUILT_PRODUCTS_DIR}/GTMSessionFetcher/GTMSessionFetcher.framework",
				"${BUILT_PRODUCTS_DIR}/GoogleToolboxForMac/GoogleToolboxForMac.framework",
				"${BUILT_PRODUCTS_DIR}/LBTAComponents/LBTAComponents.framework",
				"${BUILT_PRODUCTS_DIR}/leveldb-library/leveldb.framework",
				"${BUILT_PRODUCTS_DIR}/nanopb/nanopb.framework",
			);
			name = "[CP] Embed Pods Frameworks";
			outputPaths = (
				"${TARGET_BUILD_DIR}/${FRAMEWORKS_FOLDER_PATH}/GTMSessionFetcher.framework",
				"${TARGET_BUILD_DIR}/${FRAMEWORKS_FOLDER_PATH}/GoogleToolboxForMac.framework",
				"${TARGET_BUILD_DIR}/${FRAMEWORKS_FOLDER_PATH}/LBTAComponents.framework",
				"${TARGET_BUILD_DIR}/${FRAMEWORKS_FOLDER_PATH}/leveldb.framework",
				"${TARGET_BUILD_DIR}/${FRAMEWORKS_FOLDER_PATH}/nanopb.framework",
			);
			runOnlyForDeploymentPostprocessing = 0;
			shellPath = /bin/sh;
			shellScript = "\"${SRCROOT}/Pods/Target Support Files/Pods-Pico/Pods-Pico-frameworks.sh\"\n";
			showEnvVarsInLog = 0;
		};
/* End PBXShellScriptBuildPhase section */

/* Begin PBXSourcesBuildPhase section */
		E19D0A662039BF0A003B1D5F /* Sources */ = {
			isa = PBXSourcesBuildPhase;
			buildActionMask = 2147483647;
			files = (
				E19D0A702039BF0A003B1D5F /* ViewController.swift in Sources */,
				E19D0A912039C3BC003B1D5F /* UserViewController.swift in Sources */,
				E19D0A892039C36E003B1D5F /* LoginController.swift in Sources */,
				E19D0A762039BF0A003B1D5F /* Pico.xcdatamodeld in Sources */,
				E19D0A6E2039BF0A003B1D5F /* AppDelegate.swift in Sources */,
				E19D0A8B2039C391003B1D5F /* HomeController.swift in Sources */,
				E19D0A972039CA71003B1D5F /* Objects.swift in Sources */,
				E19D0A8F2039C3A6003B1D5F /* FriendsController.swift in Sources */,
				E19D0A8D2039C39C003B1D5F /* ProfileController.swift in Sources */,
				E19D0A952039C94E003B1D5F /* ThemeColors.swift in Sources */,
			);
			runOnlyForDeploymentPostprocessing = 0;
		};
/* End PBXSourcesBuildPhase section */

/* Begin PBXVariantGroup section */
		E19D0A792039BF0A003B1D5F /* LaunchScreen.storyboard */ = {
			isa = PBXVariantGroup;
			children = (
				E19D0A7A2039BF0A003B1D5F /* Base */,
			);
			name = LaunchScreen.storyboard;
			sourceTree = "<group>";
		};
/* End PBXVariantGroup section */

/* Begin XCBuildConfiguration section */
		E19D0A7D2039BF0A003B1D5F /* Debug */ = {
			isa = XCBuildConfiguration;
			buildSettings = {
				ALWAYS_SEARCH_USER_PATHS = NO;
				CLANG_ANALYZER_NONNULL = YES;
				CLANG_ANALYZER_NUMBER_OBJECT_CONVERSION = YES_AGGRESSIVE;
				CLANG_CXX_LANGUAGE_STANDARD = "gnu++14";
				CLANG_CXX_LIBRARY = "libc++";
				CLANG_ENABLE_MODULES = YES;
				CLANG_ENABLE_OBJC_ARC = YES;
				CLANG_WARN_BLOCK_CAPTURE_AUTORELEASING = YES;
				CLANG_WARN_BOOL_CONVERSION = YES;
				CLANG_WARN_COMMA = YES;
				CLANG_WARN_CONSTANT_CONVERSION = YES;
				CLANG_WARN_DIRECT_OBJC_ISA_USAGE = YES_ERROR;
				CLANG_WARN_DOCUMENTATION_COMMENTS = YES;
				CLANG_WARN_EMPTY_BODY = YES;
				CLANG_WARN_ENUM_CONVERSION = YES;
				CLANG_WARN_INFINITE_RECURSION = YES;
				CLANG_WARN_INT_CONVERSION = YES;
				CLANG_WARN_NON_LITERAL_NULL_CONVERSION = YES;
				CLANG_WARN_OBJC_LITERAL_CONVERSION = YES;
				CLANG_WARN_OBJC_ROOT_CLASS = YES_ERROR;
				CLANG_WARN_RANGE_LOOP_ANALYSIS = YES;
				CLANG_WARN_STRICT_PROTOTYPES = YES;
				CLANG_WARN_SUSPICIOUS_MOVE = YES;
				CLANG_WARN_UNGUARDED_AVAILABILITY = YES_AGGRESSIVE;
				CLANG_WARN_UNREACHABLE_CODE = YES;
				CLANG_WARN__DUPLICATE_METHOD_MATCH = YES;
				CODE_SIGN_IDENTITY = "iPhone Developer";
				COPY_PHASE_STRIP = NO;
				DEBUG_INFORMATION_FORMAT = dwarf;
				ENABLE_STRICT_OBJC_MSGSEND = YES;
				ENABLE_TESTABILITY = YES;
				GCC_C_LANGUAGE_STANDARD = gnu11;
				GCC_DYNAMIC_NO_PIC = NO;
				GCC_NO_COMMON_BLOCKS = YES;
				GCC_OPTIMIZATION_LEVEL = 0;
				GCC_PREPROCESSOR_DEFINITIONS = (
					"DEBUG=1",
					"$(inherited)",
				);
				GCC_WARN_64_TO_32_BIT_CONVERSION = YES;
				GCC_WARN_ABOUT_RETURN_TYPE = YES_ERROR;
				GCC_WARN_UNDECLARED_SELECTOR = YES;
				GCC_WARN_UNINITIALIZED_AUTOS = YES_AGGRESSIVE;
				GCC_WARN_UNUSED_FUNCTION = YES;
				GCC_WARN_UNUSED_VARIABLE = YES;
				IPHONEOS_DEPLOYMENT_TARGET = 11.2;
				MTL_ENABLE_DEBUG_INFO = YES;
				ONLY_ACTIVE_ARCH = YES;
				SDKROOT = iphoneos;
				SWIFT_ACTIVE_COMPILATION_CONDITIONS = DEBUG;
				SWIFT_OPTIMIZATION_LEVEL = "-Onone";
			};
			name = Debug;
		};
		E19D0A7E2039BF0A003B1D5F /* Release */ = {
			isa = XCBuildConfiguration;
			buildSettings = {
				ALWAYS_SEARCH_USER_PATHS = NO;
				CLANG_ANALYZER_NONNULL = YES;
				CLANG_ANALYZER_NUMBER_OBJECT_CONVERSION = YES_AGGRESSIVE;
				CLANG_CXX_LANGUAGE_STANDARD = "gnu++14";
				CLANG_CXX_LIBRARY = "libc++";
				CLANG_ENABLE_MODULES = YES;
				CLANG_ENABLE_OBJC_ARC = YES;
				CLANG_WARN_BLOCK_CAPTURE_AUTORELEASING = YES;
				CLANG_WARN_BOOL_CONVERSION = YES;
				CLANG_WARN_COMMA = YES;
				CLANG_WARN_CONSTANT_CONVERSION = YES;
				CLANG_WARN_DIRECT_OBJC_ISA_USAGE = YES_ERROR;
				CLANG_WARN_DOCUMENTATION_COMMENTS = YES;
				CLANG_WARN_EMPTY_BODY = YES;
				CLANG_WARN_ENUM_CONVERSION = YES;
				CLANG_WARN_INFINITE_RECURSION = YES;
				CLANG_WARN_INT_CONVERSION = YES;
				CLANG_WARN_NON_LITERAL_NULL_CONVERSION = YES;
				CLANG_WARN_OBJC_LITERAL_CONVERSION = YES;
				CLANG_WARN_OBJC_ROOT_CLASS = YES_ERROR;
				CLANG_WARN_RANGE_LOOP_ANALYSIS = YES;
				CLANG_WARN_STRICT_PROTOTYPES = YES;
				CLANG_WARN_SUSPICIOUS_MOVE = YES;
				CLANG_WARN_UNGUARDED_AVAILABILITY = YES_AGGRESSIVE;
				CLANG_WARN_UNREACHABLE_CODE = YES;
				CLANG_WARN__DUPLICATE_METHOD_MATCH = YES;
				CODE_SIGN_IDENTITY = "iPhone Developer";
				COPY_PHASE_STRIP = NO;
				DEBUG_INFORMATION_FORMAT = "dwarf-with-dsym";
				ENABLE_NS_ASSERTIONS = NO;
				ENABLE_STRICT_OBJC_MSGSEND = YES;
				GCC_C_LANGUAGE_STANDARD = gnu11;
				GCC_NO_COMMON_BLOCKS = YES;
				GCC_WARN_64_TO_32_BIT_CONVERSION = YES;
				GCC_WARN_ABOUT_RETURN_TYPE = YES_ERROR;
				GCC_WARN_UNDECLARED_SELECTOR = YES;
				GCC_WARN_UNINITIALIZED_AUTOS = YES_AGGRESSIVE;
				GCC_WARN_UNUSED_FUNCTION = YES;
				GCC_WARN_UNUSED_VARIABLE = YES;
				IPHONEOS_DEPLOYMENT_TARGET = 11.2;
				MTL_ENABLE_DEBUG_INFO = NO;
				SDKROOT = iphoneos;
				SWIFT_OPTIMIZATION_LEVEL = "-Owholemodule";
				VALIDATE_PRODUCT = YES;
			};
			name = Release;
		};
		E19D0A802039BF0A003B1D5F /* Debug */ = {
			isa = XCBuildConfiguration;
			baseConfigurationReference = 0CBC8BBE337F210091FCB218 /* Pods-Pico.debug.xcconfig */;
			buildSettings = {
				ASSETCATALOG_COMPILER_APPICON_NAME = AppIcon;
				CODE_SIGN_STYLE = Automatic;
				DEVELOPMENT_TEAM = NX68CWX2FV;
				INFOPLIST_FILE = Pico/Info.plist;
				LD_RUNPATH_SEARCH_PATHS = "$(inherited) @executable_path/Frameworks";
				PRODUCT_BUNDLE_IDENTIFIER = com.iLaunch.Pico;
				PRODUCT_NAME = "$(TARGET_NAME)";
				SWIFT_VERSION = 3.0;
				TARGETED_DEVICE_FAMILY = "1,2";
			};
			name = Debug;
		};
		E19D0A812039BF0A003B1D5F /* Release */ = {
			isa = XCBuildConfiguration;
			baseConfigurationReference = 84026098E2AA0764E84910CC /* Pods-Pico.release.xcconfig */;
			buildSettings = {
				ASSETCATALOG_COMPILER_APPICON_NAME = AppIcon;
				CODE_SIGN_STYLE = Automatic;
				DEVELOPMENT_TEAM = NX68CWX2FV;
				INFOPLIST_FILE = Pico/Info.plist;
				LD_RUNPATH_SEARCH_PATHS = "$(inherited) @executable_path/Frameworks";
				PRODUCT_BUNDLE_IDENTIFIER = com.iLaunch.Pico;
				PRODUCT_NAME = "$(TARGET_NAME)";
				SWIFT_VERSION = 3.0;
				TARGETED_DEVICE_FAMILY = "1,2";
			};
			name = Release;
		};
/* End XCBuildConfiguration section */

/* Begin XCConfigurationList section */
		E19D0A652039BF0A003B1D5F /* Build configuration list for PBXProject "Pico" */ = {
			isa = XCConfigurationList;
			buildConfigurations = (
				E19D0A7D2039BF0A003B1D5F /* Debug */,
				E19D0A7E2039BF0A003B1D5F /* Release */,
			);
			defaultConfigurationIsVisible = 0;
			defaultConfigurationName = Release;
		};
		E19D0A7F2039BF0A003B1D5F /* Build configuration list for PBXNativeTarget "Pico" */ = {
			isa = XCConfigurationList;
			buildConfigurations = (
				E19D0A802039BF0A003B1D5F /* Debug */,
				E19D0A812039BF0A003B1D5F /* Release */,
			);
			defaultConfigurationIsVisible = 0;
			defaultConfigurationName = Release;
		};
/* End XCConfigurationList section */

/* Begin XCVersionGroup section */
		E19D0A742039BF0A003B1D5F /* Pico.xcdatamodeld */ = {
			isa = XCVersionGroup;
			children = (
				E19D0A752039BF0A003B1D5F /* Pico.xcdatamodel */,
			);
			currentVersion = E19D0A752039BF0A003B1D5F /* Pico.xcdatamodel */;
			path = Pico.xcdatamodeld;
			sourceTree = "<group>";
			versionGroupType = wrapper.xcdatamodel;
		};
/* End XCVersionGroup section */
	};
	rootObject = E19D0A622039BF0A003B1D5F /* Project object */;
}
